
Microsoft Visual Studio Solution File, Format Version 12.00
Project("{FAE04EC0-301F-11D3-BF4B-00C04F79EFBC}") = "SMbot", "SMbot\SMbot.csproj", "{158B882A-C9E2-42C8-A490-318C68254D12}"
EndProject
Project("{2150E333-8FDC-42A3-9474-1A3956D46DE8}") = "Lib", "Lib", "{726A8042-3D19-42A3-8FF4-A20A02AFD3E1}"
EndProject
Project("{FAE04EC0-301F-11D3-BF4B-00C04F79EFBC}") = "BotLib", "BotLib\BotLib.csproj", "{0BBD2576-0B89-410E-ABC8-4455DD0535D8}"
EndProject
Project("{FAE04EC0-301F-11D3-BF4B-00C04F79EFBC}") = "SalesmateApiLib", "SalesmateApiLib\SalesmateApiLib.csproj", "{D14A04F8-D3B7-4B6C-BCD8-E2388A29A5B7}"
EndProject
Global
	GlobalSection(SolutionConfigurationPlatforms) = preSolution
		Debug|Any CPU = Debug|Any CPU
		Release|Any CPU = Release|Any CPU
	EndGlobalSection
	GlobalSection(ProjectConfigurationPlatforms) = postSolution
		{158B882A-C9E2-42C8-A490-318C68254D12}.Debug|Any CPU.ActiveCfg = Debug|Any CPU
		{158B882A-C9E2-42C8-A490-318C68254D12}.Debug|Any CPU.Build.0 = Debug|Any CPU
		{158B882A-C9E2-42C8-A490-318C68254D12}.Release|Any CPU.ActiveCfg = Release|Any CPU
		{158B882A-C9E2-42C8-A490-318C68254D12}.Release|Any CPU.Build.0 = Release|Any CPU
		{0BBD2576-0B89-410E-ABC8-4455DD0535D8}.Debug|Any CPU.ActiveCfg = Debug|Any CPU
		{0BBD2576-0B89-410E-ABC8-4455DD0535D8}.Debug|Any CPU.Build.0 = Debug|Any CPU
		{0BBD2576-0B89-410E-ABC8-4455DD0535D8}.Release|Any CPU.ActiveCfg = Release|Any CPU
		{0BBD2576-0B89-410E-ABC8-4455DD0535D8}.Release|Any CPU.Build.0 = Release|Any CPU
		{D14A04F8-D3B7-4B6C-BCD8-E2388A29A5B7}.Debug|Any CPU.ActiveCfg = Debug|Any CPU
		{D14A04F8-D3B7-4B6C-BCD8-E2388A29A5B7}.Debug|Any CPU.Build.0 = Debug|Any CPU
		{D14A04F8-D3B7-4B6C-BCD8-E2388A29A5B7}.Release|Any CPU.ActiveCfg = Release|Any CPU
		{D14A04F8-D3B7-4B6C-BCD8-E2388A29A5B7}.Release|Any CPU.Build.0 = Release|Any CPU
	EndGlobalSection
	GlobalSection(NestedProjects) = preSolution
		{0BBD2576-0B89-410E-ABC8-4455DD0535D8} = {726A8042-3D19-42A3-8FF4-A20A02AFD3E1}
		{D14A04F8-D3B7-4B6C-BCD8-E2388A29A5B7} = {726A8042-3D19-42A3-8FF4-A20A02AFD3E1}
	EndGlobalSection
EndGlobal
